
Microsoft Visual Studio Solution File, Format Version 10.00
# Visual Studio 2008
Project("{8BC9CEB8-8B4A-11D0-8D11-00A0C91BC942}") = "MySocket", "MySocket\MySocket.vcproj", "{117B797D-97A6-4FF7-BC90-4C79E2AA8104}"
EndProject
Global
	GlobalSection(SolutionConfigurationPlatforms) = preSolution
		Debug|Win32 = Debug|Win32
		Release|Win32 = Release|Win32
	EndGlobalSection
	GlobalSection(ProjectConfigurationPlatforms) = postSolution
		{117B797D-97A6-4FF7-BC90-4C79E2AA8104}.Debug|Win32.ActiveCfg = Debug|Win32
		{117B797D-97A6-4FF7-BC90-4C79E2AA8104}.Debug|Win32.Build.0 = Debug|Win32
		{117B797D-97A6-4FF7-BC90-4C79E2AA8104}.Release|Win32.ActiveCfg = Release|Win32
		{117B797D-97A6-4FF7-BC90-4C79E2AA8104}.Release|Win32.Build.0 = Release|Win32
	EndGlobalSection
	GlobalSection(SolutionProperties) = preSolution
		HideSolutionNode = FALSE
	EndGlobalSection
EndGlobal
